
Microsoft Visual Studio Solution File, Format Version 12.00
# Visual Studio 15
VisualStudioVersion = 15.0.28010.2041
MinimumVisualStudioVersion = 10.0.40219.1
Project("{FAE04EC0-301F-11D3-BF4B-00C04F79EFBC}") = "RootsOfHealth", "RootsOfHealth\RootsOfHealth.csproj", "{C48D06E4-6F25-4EF6-9068-4E2CFF9CCE40}"
EndProject
Global
	GlobalSection(SolutionConfigurationPlatforms) = preSolution
		Debug|Any CPU = Debug|Any CPU
		Release|Any CPU = Release|Any CPU
	EndGlobalSection
	GlobalSection(ProjectConfigurationPlatforms) = postSolution
		{C48D06E4-6F25-4EF6-9068-4E2CFF9CCE40}.Debug|Any CPU.ActiveCfg = Debug|Any CPU
		{C48D06E4-6F25-4EF6-9068-4E2CFF9CCE40}.Debug|Any CPU.Build.0 = Debug|Any CPU
		{C48D06E4-6F25-4EF6-9068-4E2CFF9CCE40}.Release|Any CPU.ActiveCfg = Release|Any CPU
		{C48D06E4-6F25-4EF6-9068-4E2CFF9CCE40}.Release|Any CPU.Build.0 = Release|Any CPU
	EndGlobalSection
	GlobalSection(SolutionProperties) = preSolution
		HideSolutionNode = FALSE
	EndGlobalSection
	GlobalSection(ExtensibilityGlobals) = postSolution
		SolutionGuid = {9B91A610-AABC-4E07-92FB-B9F3549A983F}
	EndGlobalSection
EndGlobal
